// !$*UTF8*$!
{
	archiveVersion = 1;
	classes = {
	};
	objectVersion = 46;
	objects = {

/* Begin PBXBuildFile section */
		B453D01817BA047C00801784 /* HelpshiftLocalizable.strings in Resources */ = {isa = PBXBuildFile; fileRef = B453CFF617BA047C00801784 /* HelpshiftLocalizable.strings */; };
		B453D01917BA047C00801784 /* HS-background-tile.png in Resources */ = {isa = PBXBuildFile; fileRef = B453CFFB17BA047C00801784 /* HS-background-tile.png */; };
		B453D01A17BA047C00801784 /* HS-background-tile@2x.png in Resources */ = {isa = PBXBuildFile; fileRef = B453CFFC17BA047C00801784 /* HS-background-tile@2x.png */; };
		B453D01B17BA047C00801784 /* HS-no-connection.png in Resources */ = {isa = PBXBuildFile; fileRef = B453CFFD17BA047C00801784 /* HS-no-connection.png */; };
		B453D01C17BA047C00801784 /* HS-no-connection@2x.png in Resources */ = {isa = PBXBuildFile; fileRef = B453CFFE17BA047C00801784 /* HS-no-connection@2x.png */; };
		B453D01D17BA047C00801784 /* HS-powered-by-logo.png in Resources */ = {isa = PBXBuildFile; fileRef = B453CFFF17BA047C00801784 /* HS-powered-by-logo.png */; };
		B453D01E17BA047C00801784 /* HS-powered-by-logo@2x.png in Resources */ = {isa = PBXBuildFile; fileRef = B453D00017BA047C00801784 /* HS-powered-by-logo@2x.png */; };
		B453D01F17BA047C00801784 /* HS-screenshot-error.png in Resources */ = {isa = PBXBuildFile; fileRef = B453D00117BA047C00801784 /* HS-screenshot-error.png */; };
		B453D02017BA047C00801784 /* HS-screenshot-error@2x.png in Resources */ = {isa = PBXBuildFile; fileRef = B453D00217BA047C00801784 /* HS-screenshot-error@2x.png */; };
		B453D02117BA047C00801784 /* HS-section-header.png in Resources */ = {isa = PBXBuildFile; fileRef = B453D00317BA047C00801784 /* HS-section-header.png */; };
		B453D02217BA047C00801784 /* HS-section-header@2x.png in Resources */ = {isa = PBXBuildFile; fileRef = B453D00417BA047C00801784 /* HS-section-header@2x.png */; };
		B453D02317BA047C00801784 /* HSChatBubbleBlue.png in Resources */ = {isa = PBXBuildFile; fileRef = B453D00517BA047C00801784 /* HSChatBubbleBlue.png */; };
		B453D02417BA047C00801784 /* HSChatBubbleBlue@2x.png in Resources */ = {isa = PBXBuildFile; fileRef = B453D00617BA047C00801784 /* HSChatBubbleBlue@2x.png */; };
		B453D02517BA047C00801784 /* HSChatBubbleWhite.png in Resources */ = {isa = PBXBuildFile; fileRef = B453D00717BA047C00801784 /* HSChatBubbleWhite.png */; };
		B453D02617BA047C00801784 /* HSChatBubbleWhite@2x.png in Resources */ = {isa = PBXBuildFile; fileRef = B453D00817BA047C00801784 /* HSChatBubbleWhite@2x.png */; };
		B453D02717BA047C00801784 /* HSConfirmBox.png in Resources */ = {isa = PBXBuildFile; fileRef = B453D00917BA047C00801784 /* HSConfirmBox.png */; };
		B453D02817BA047C00801784 /* HSConfirmBox@2x.png in Resources */ = {isa = PBXBuildFile; fileRef = B453D00A17BA047C00801784 /* HSConfirmBox@2x.png */; };
		B453D02917BA047C00801784 /* HSTutorial.png in Resources */ = {isa = PBXBuildFile; fileRef = B453D00B17BA047C00801784 /* HSTutorial.png */; };
		B453D02A17BA047C00801784 /* HSTutorial@2x.png in Resources */ = {isa = PBXBuildFile; fileRef = B453D00C17BA047C00801784 /* HSTutorial@2x.png */; };
		B453D02B17BA047C00801784 /* HSTutorialiPad.png in Resources */ = {isa = PBXBuildFile; fileRef = B453D00D17BA047C00801784 /* HSTutorialiPad.png */; };
		B453D02C17BA047C00801784 /* HSTutorialiPad@2x.png in Resources */ = {isa = PBXBuildFile; fileRef = B453D00E17BA047C00801784 /* HSTutorialiPad@2x.png */; };
		B453D02D17BA047C00801784 /* HelpshiftConfig.plist in Resources */ = {isa = PBXBuildFile; fileRef = B453D01417BA047C00801784 /* HelpshiftConfig.plist */; };
		B453D02E17BA047C00801784 /* HelpshiftConfigDark.plist in Resources */ = {isa = PBXBuildFile; fileRef = B453D01517BA047C00801784 /* HelpshiftConfigDark.plist */; };
		B453D02F17BA047C00801784 /* libHelpshift.a in Frameworks */ = {isa = PBXBuildFile; fileRef = B453D01617BA047C00801784 /* libHelpshift.a */; };
		B488063B17179AE700C3A95E /* UIKit.framework in Frameworks */ = {isa = PBXBuildFile; fileRef = B488063A17179AE700C3A95E /* UIKit.framework */; };
		B488063D17179AE700C3A95E /* Foundation.framework in Frameworks */ = {isa = PBXBuildFile; fileRef = B488063C17179AE700C3A95E /* Foundation.framework */; };
		B488063F17179AE700C3A95E /* CoreGraphics.framework in Frameworks */ = {isa = PBXBuildFile; fileRef = B488063E17179AE700C3A95E /* CoreGraphics.framework */; };
		B488064517179AE700C3A95E /* InfoPlist.strings in Resources */ = {isa = PBXBuildFile; fileRef = B488064317179AE700C3A95E /* InfoPlist.strings */; };
		B488064717179AE700C3A95E /* main.m in Sources */ = {isa = PBXBuildFile; fileRef = B488064617179AE700C3A95E /* main.m */; };
		B488064B17179AE700C3A95E /* HSDAppDelegate.m in Sources */ = {isa = PBXBuildFile; fileRef = B488064A17179AE700C3A95E /* HSDAppDelegate.m */; };
		B488064D17179AE700C3A95E /* Default.png in Resources */ = {isa = PBXBuildFile; fileRef = B488064C17179AE700C3A95E /* Default.png */; };
		B488064F17179AE700C3A95E /* Default@2x.png in Resources */ = {isa = PBXBuildFile; fileRef = B488064E17179AE700C3A95E /* Default@2x.png */; };
		B488065117179AE700C3A95E /* Default-568h@2x.png in Resources */ = {isa = PBXBuildFile; fileRef = B488065017179AE700C3A95E /* Default-568h@2x.png */; };
		B488065417179AE700C3A95E /* HSDViewController.m in Sources */ = {isa = PBXBuildFile; fileRef = B488065317179AE700C3A95E /* HSDViewController.m */; };
		B488065717179AE700C3A95E /* HSDViewController_iPhone.xib in Resources */ = {isa = PBXBuildFile; fileRef = B488065517179AE700C3A95E /* HSDViewController_iPhone.xib */; };
		B488065A17179AE700C3A95E /* HSDViewController_iPad.xib in Resources */ = {isa = PBXBuildFile; fileRef = B488065817179AE700C3A95E /* HSDViewController_iPad.xib */; };
		B488066117179B3B00C3A95E /* Security.framework in Frameworks */ = {isa = PBXBuildFile; fileRef = B488066017179B3B00C3A95E /* Security.framework */; };
		B488066317179B6100C3A95E /* CoreText.framework in Frameworks */ = {isa = PBXBuildFile; fileRef = B488066217179B6100C3A95E /* CoreText.framework */; };
		B488066517179B6C00C3A95E /* CoreTelephony.framework in Frameworks */ = {isa = PBXBuildFile; fileRef = B488066417179B6C00C3A95E /* CoreTelephony.framework */; };
		B488066717179B7500C3A95E /* MobileCoreServices.framework in Frameworks */ = {isa = PBXBuildFile; fileRef = B488066617179B7500C3A95E /* MobileCoreServices.framework */; };
		B488066917179B7F00C3A95E /* QuartzCore.framework in Frameworks */ = {isa = PBXBuildFile; fileRef = B488066817179B7F00C3A95E /* QuartzCore.framework */; };
		B488066B17179B8700C3A95E /* SystemConfiguration.framework in Frameworks */ = {isa = PBXBuildFile; fileRef = B488066A17179B8700C3A95E /* SystemConfiguration.framework */; };
		B488066D17179BA300C3A95E /* libz.dylib in Frameworks */ = {isa = PBXBuildFile; fileRef = B488066C17179BA300C3A95E /* libz.dylib */; };
		B488066F17179BAB00C3A95E /* libsqlite3.0.dylib in Frameworks */ = {isa = PBXBuildFile; fileRef = B488066E17179BAB00C3A95E /* libsqlite3.0.dylib */; };
		B48806C1171BD65100C3A95E /* avatar.png in Resources */ = {isa = PBXBuildFile; fileRef = B48806BD171BD65100C3A95E /* avatar.png */; };
		B48806C2171BD65100C3A95E /* avatar@2x.png in Resources */ = {isa = PBXBuildFile; fileRef = B48806BE171BD65100C3A95E /* avatar@2x.png */; };
		B48806C3171BD65100C3A95E /* paper.png in Resources */ = {isa = PBXBuildFile; fileRef = B48806BF171BD65100C3A95E /* paper.png */; };
		B48806C4171BD65100C3A95E /* paper_@2X.png in Resources */ = {isa = PBXBuildFile; fileRef = B48806C0171BD65100C3A95E /* paper_@2X.png */; };
/* End PBXBuildFile section */

/* Begin PBXFileReference section */
		B453CFF417BA047C00801784 /* Helpshift.h */ = {isa = PBXFileReference; fileEncoding = 4; lastKnownFileType = sourcecode.c.h; path = Helpshift.h; sourceTree = "<group>"; };
		B453CFF717BA047C00801784 /* de */ = {isa = PBXFileReference; lastKnownFileType = text.plist.strings; name = de; path = de.lproj/HelpshiftLocalizable.strings; sourceTree = "<group>"; };
		B453CFF817BA047C00801784 /* en */ = {isa = PBXFileReference; lastKnownFileType = text.plist.strings; name = en; path = en.lproj/HelpshiftLocalizable.strings; sourceTree = "<group>"; };
		B453CFF917BA047C00801784 /* es */ = {isa = PBXFileReference; lastKnownFileType = text.plist.strings; name = es; path = es.lproj/HelpshiftLocalizable.strings; sourceTree = "<group>"; };
		B453CFFA17BA047C00801784 /* fr */ = {isa = PBXFileReference; lastKnownFileType = text.plist.strings; name = fr; path = fr.lproj/HelpshiftLocalizable.strings; sourceTree = "<group>"; };
		B453CFFB17BA047C00801784 /* HS-background-tile.png */ = {isa = PBXFileReference; lastKnownFileType = image.png; path = "HS-background-tile.png"; sourceTree = "<group>"; };
		B453CFFC17BA047C00801784 /* HS-background-tile@2x.png */ = {isa = PBXFileReference; lastKnownFileType = image.png; path = "HS-background-tile@2x.png"; sourceTree = "<group>"; };
		B453CFFD17BA047C00801784 /* HS-no-connection.png */ = {isa = PBXFileReference; lastKnownFileType = image.png; path = "HS-no-connection.png"; sourceTree = "<group>"; };
		B453CFFE17BA047C00801784 /* HS-no-connection@2x.png */ = {isa = PBXFileReference; lastKnownFileType = image.png; path = "HS-no-connection@2x.png"; sourceTree = "<group>"; };
		B453CFFF17BA047C00801784 /* HS-powered-by-logo.png */ = {isa = PBXFileReference; lastKnownFileType = image.png; path = "HS-powered-by-logo.png"; sourceTree = "<group>"; };
		B453D00017BA047C00801784 /* HS-powered-by-logo@2x.png */ = {isa = PBXFileReference; lastKnownFileType = image.png; path = "HS-powered-by-logo@2x.png"; sourceTree = "<group>"; };
		B453D00117BA047C00801784 /* HS-screenshot-error.png */ = {isa = PBXFileReference; lastKnownFileType = image.png; path = "HS-screenshot-error.png"; sourceTree = "<group>"; };
		B453D00217BA047C00801784 /* HS-screenshot-error@2x.png */ = {isa = PBXFileReference; lastKnownFileType = image.png; path = "HS-screenshot-error@2x.png"; sourceTree = "<group>"; };
		B453D00317BA047C00801784 /* HS-section-header.png */ = {isa = PBXFileReference; lastKnownFileType = image.png; path = "HS-section-header.png"; sourceTree = "<group>"; };
		B453D00417BA047C00801784 /* HS-section-header@2x.png */ = {isa = PBXFileReference; lastKnownFileType = image.png; path = "HS-section-header@2x.png"; sourceTree = "<group>"; };
		B453D00517BA047C00801784 /* HSChatBubbleBlue.png */ = {isa = PBXFileReference; lastKnownFileType = image.png; path = HSChatBubbleBlue.png; sourceTree = "<group>"; };
		B453D00617BA047C00801784 /* HSChatBubbleBlue@2x.png */ = {isa = PBXFileReference; lastKnownFileType = image.png; path = "HSChatBubbleBlue@2x.png"; sourceTree = "<group>"; };
		B453D00717BA047C00801784 /* HSChatBubbleWhite.png */ = {isa = PBXFileReference; lastKnownFileType = image.png; path = HSChatBubbleWhite.png; sourceTree = "<group>"; };
		B453D00817BA047C00801784 /* HSChatBubbleWhite@2x.png */ = {isa = PBXFileReference; lastKnownFileType = image.png; path = "HSChatBubbleWhite@2x.png"; sourceTree = "<group>"; };
		B453D00917BA047C00801784 /* HSConfirmBox.png */ = {isa = PBXFileReference; lastKnownFileType = image.png; path = HSConfirmBox.png; sourceTree = "<group>"; };
		B453D00A17BA047C00801784 /* HSConfirmBox@2x.png */ = {isa = PBXFileReference; lastKnownFileType = image.png; path = "HSConfirmBox@2x.png"; sourceTree = "<group>"; };
		B453D00B17BA047C00801784 /* HSTutorial.png */ = {isa = PBXFileReference; lastKnownFileType = image.png; path = HSTutorial.png; sourceTree = "<group>"; };
		B453D00C17BA047C00801784 /* HSTutorial@2x.png */ = {isa = PBXFileReference; lastKnownFileType = image.png; path = "HSTutorial@2x.png"; sourceTree = "<group>"; };
		B453D00D17BA047C00801784 /* HSTutorialiPad.png */ = {isa = PBXFileReference; lastKnownFileType = image.png; path = HSTutorialiPad.png; sourceTree = "<group>"; };
		B453D00E17BA047C00801784 /* HSTutorialiPad@2x.png */ = {isa = PBXFileReference; lastKnownFileType = image.png; path = "HSTutorialiPad@2x.png"; sourceTree = "<group>"; };
		B453D00F17BA047C00801784 /* it */ = {isa = PBXFileReference; lastKnownFileType = text.plist.strings; name = it; path = it.lproj/HelpshiftLocalizable.strings; sourceTree = "<group>"; };
		B453D01017BA047C00801784 /* pt */ = {isa = PBXFileReference; lastKnownFileType = text.plist.strings; name = pt; path = pt.lproj/HelpshiftLocalizable.strings; sourceTree = "<group>"; };
		B453D01117BA047C00801784 /* ru */ = {isa = PBXFileReference; lastKnownFileType = text.plist.strings; name = ru; path = ru.lproj/HelpshiftLocalizable.strings; sourceTree = "<group>"; };
		B453D01217BA047C00801784 /* zh-Hans */ = {isa = PBXFileReference; lastKnownFileType = text.plist.strings; name = "zh-Hans"; path = "zh-Hans.lproj/HelpshiftLocalizable.strings"; sourceTree = "<group>"; };
		B453D01417BA047C00801784 /* HelpshiftConfig.plist */ = {isa = PBXFileReference; fileEncoding = 4; lastKnownFileType = text.plist.xml; path = HelpshiftConfig.plist; sourceTree = "<group>"; };
		B453D01517BA047C00801784 /* HelpshiftConfigDark.plist */ = {isa = PBXFileReference; fileEncoding = 4; lastKnownFileType = text.plist.xml; path = HelpshiftConfigDark.plist; sourceTree = "<group>"; };
		B453D01617BA047C00801784 /* libHelpshift.a */ = {isa = PBXFileReference; lastKnownFileType = archive.ar; path = libHelpshift.a; sourceTree = "<group>"; };
		B488063717179AE700C3A95E /* HelpshiftSupportApp.app */ = {isa = PBXFileReference; explicitFileType = wrapper.application; includeInIndex = 0; path = HelpshiftSupportApp.app; sourceTree = BUILT_PRODUCTS_DIR; };
		B488063A17179AE700C3A95E /* UIKit.framework */ = {isa = PBXFileReference; lastKnownFileType = wrapper.framework; name = UIKit.framework; path = System/Library/Frameworks/UIKit.framework; sourceTree = SDKROOT; };
		B488063C17179AE700C3A95E /* Foundation.framework */ = {isa = PBXFileReference; lastKnownFileType = wrapper.framework; name = Foundation.framework; path = System/Library/Frameworks/Foundation.framework; sourceTree = SDKROOT; };
		B488063E17179AE700C3A95E /* CoreGraphics.framework */ = {isa = PBXFileReference; lastKnownFileType = wrapper.framework; name = CoreGraphics.framework; path = System/Library/Frameworks/CoreGraphics.framework; sourceTree = SDKROOT; };
		B488064217179AE700C3A95E /* HelpshiftSupportApp-Info.plist */ = {isa = PBXFileReference; lastKnownFileType = text.plist.xml; path = "HelpshiftSupportApp-Info.plist"; sourceTree = "<group>"; };
		B488064417179AE700C3A95E /* en */ = {isa = PBXFileReference; lastKnownFileType = text.plist.strings; name = en; path = en.lproj/InfoPlist.strings; sourceTree = "<group>"; };
		B488064617179AE700C3A95E /* main.m */ = {isa = PBXFileReference; lastKnownFileType = sourcecode.c.objc; path = main.m; sourceTree = "<group>"; };
		B488064817179AE700C3A95E /* HelpshiftSupportApp-Prefix.pch */ = {isa = PBXFileReference; lastKnownFileType = sourcecode.c.h; path = "HelpshiftSupportApp-Prefix.pch"; sourceTree = "<group>"; };
		B488064917179AE700C3A95E /* HSDAppDelegate.h */ = {isa = PBXFileReference; lastKnownFileType = sourcecode.c.h; path = HSDAppDelegate.h; sourceTree = "<group>"; };
		B488064A17179AE700C3A95E /* HSDAppDelegate.m */ = {isa = PBXFileReference; lastKnownFileType = sourcecode.c.objc; path = HSDAppDelegate.m; sourceTree = "<group>"; };
		B488064C17179AE700C3A95E /* Default.png */ = {isa = PBXFileReference; lastKnownFileType = image.png; path = Default.png; sourceTree = "<group>"; };
		B488064E17179AE700C3A95E /* Default@2x.png */ = {isa = PBXFileReference; lastKnownFileType = image.png; path = "Default@2x.png"; sourceTree = "<group>"; };
		B488065017179AE700C3A95E /* Default-568h@2x.png */ = {isa = PBXFileReference; lastKnownFileType = image.png; path = "Default-568h@2x.png"; sourceTree = "<group>"; };
		B488065217179AE700C3A95E /* HSDViewController.h */ = {isa = PBXFileReference; lastKnownFileType = sourcecode.c.h; path = HSDViewController.h; sourceTree = "<group>"; };
		B488065317179AE700C3A95E /* HSDViewController.m */ = {isa = PBXFileReference; lastKnownFileType = sourcecode.c.objc; path = HSDViewController.m; sourceTree = "<group>"; };
		B488065617179AE700C3A95E /* en */ = {isa = PBXFileReference; lastKnownFileType = file.xib; name = en; path = en.lproj/HSDViewController_iPhone.xib; sourceTree = "<group>"; };
		B488065917179AE700C3A95E /* en */ = {isa = PBXFileReference; lastKnownFileType = file.xib; name = en; path = en.lproj/HSDViewController_iPad.xib; sourceTree = "<group>"; };
		B488066017179B3B00C3A95E /* Security.framework */ = {isa = PBXFileReference; lastKnownFileType = wrapper.framework; name = Security.framework; path = System/Library/Frameworks/Security.framework; sourceTree = SDKROOT; };
		B488066217179B6100C3A95E /* CoreText.framework */ = {isa = PBXFileReference; lastKnownFileType = wrapper.framework; name = CoreText.framework; path = System/Library/Frameworks/CoreText.framework; sourceTree = SDKROOT; };
		B488066417179B6C00C3A95E /* CoreTelephony.framework */ = {isa = PBXFileReference; lastKnownFileType = wrapper.framework; name = CoreTelephony.framework; path = System/Library/Frameworks/CoreTelephony.framework; sourceTree = SDKROOT; };
		B488066617179B7500C3A95E /* MobileCoreServices.framework */ = {isa = PBXFileReference; lastKnownFileType = wrapper.framework; name = MobileCoreServices.framework; path = System/Library/Frameworks/MobileCoreServices.framework; sourceTree = SDKROOT; };
		B488066817179B7F00C3A95E /* QuartzCore.framework */ = {isa = PBXFileReference; lastKnownFileType = wrapper.framework; name = QuartzCore.framework; path = System/Library/Frameworks/QuartzCore.framework; sourceTree = SDKROOT; };
		B488066A17179B8700C3A95E /* SystemConfiguration.framework */ = {isa = PBXFileReference; lastKnownFileType = wrapper.framework; name = SystemConfiguration.framework; path = System/Library/Frameworks/SystemConfiguration.framework; sourceTree = SDKROOT; };
		B488066C17179BA300C3A95E /* libz.dylib */ = {isa = PBXFileReference; lastKnownFileType = "compiled.mach-o.dylib"; name = libz.dylib; path = usr/lib/libz.dylib; sourceTree = SDKROOT; };
		B488066E17179BAB00C3A95E /* libsqlite3.0.dylib */ = {isa = PBXFileReference; lastKnownFileType = "compiled.mach-o.dylib"; name = libsqlite3.0.dylib; path = usr/lib/libsqlite3.0.dylib; sourceTree = SDKROOT; };
		B48806BD171BD65100C3A95E /* avatar.png */ = {isa = PBXFileReference; lastKnownFileType = image.png; path = avatar.png; sourceTree = "<group>"; };
		B48806BE171BD65100C3A95E /* avatar@2x.png */ = {isa = PBXFileReference; lastKnownFileType = image.png; path = "avatar@2x.png"; sourceTree = "<group>"; };
		B48806BF171BD65100C3A95E /* paper.png */ = {isa = PBXFileReference; lastKnownFileType = image.png; path = paper.png; sourceTree = "<group>"; };
		B48806C0171BD65100C3A95E /* paper_@2X.png */ = {isa = PBXFileReference; lastKnownFileType = image.png; path = "paper_@2X.png"; sourceTree = "<group>"; };
/* End PBXFileReference section */

/* Begin PBXFrameworksBuildPhase section */
		B488063417179AE700C3A95E /* Frameworks */ = {
			isa = PBXFrameworksBuildPhase;
			buildActionMask = 2147483647;
			files = (
				B488066F17179BAB00C3A95E /* libsqlite3.0.dylib in Frameworks */,
				B488066D17179BA300C3A95E /* libz.dylib in Frameworks */,
				B488066117179B3B00C3A95E /* Security.framework in Frameworks */,
				B488066B17179B8700C3A95E /* SystemConfiguration.framework in Frameworks */,
				B488066917179B7F00C3A95E /* QuartzCore.framework in Frameworks */,
				B488066717179B7500C3A95E /* MobileCoreServices.framework in Frameworks */,
				B488066517179B6C00C3A95E /* CoreTelephony.framework in Frameworks */,
				B488066317179B6100C3A95E /* CoreText.framework in Frameworks */,
				B488063B17179AE700C3A95E /* UIKit.framework in Frameworks */,
				B488063D17179AE700C3A95E /* Foundation.framework in Frameworks */,
				B488063F17179AE700C3A95E /* CoreGraphics.framework in Frameworks */,
				B453D02F17BA047C00801784 /* libHelpshift.a in Frameworks */,
			);
			runOnlyForDeploymentPostprocessing = 0;
		};
/* End PBXFrameworksBuildPhase section */

/* Begin PBXGroup section */
		B453CFF217BA047C00801784 /* helpshift-ios-sdk */ = {
			isa = PBXGroup;
			children = (
				B453CFF417BA047C00801784 /* Helpshift.h */,
				B453CFF517BA047C00801784 /* HSResources */,
				B453D01317BA047C00801784 /* HSThemes */,
				B453D01617BA047C00801784 /* libHelpshift.a */,
			);
			name = "helpshift-ios-sdk";
			path = "../helpshift-ios-sdk";
			sourceTree = "<group>";
		};
		B453CFF517BA047C00801784 /* HSResources */ = {
			isa = PBXGroup;
			children = (
				B453CFF617BA047C00801784 /* HelpshiftLocalizable.strings */,
				B453CFFB17BA047C00801784 /* HS-background-tile.png */,
				B453CFFC17BA047C00801784 /* HS-background-tile@2x.png */,
				B453CFFD17BA047C00801784 /* HS-no-connection.png */,
				B453CFFE17BA047C00801784 /* HS-no-connection@2x.png */,
				B453CFFF17BA047C00801784 /* HS-powered-by-logo.png */,
				B453D00017BA047C00801784 /* HS-powered-by-logo@2x.png */,
				B453D00117BA047C00801784 /* HS-screenshot-error.png */,
				B453D00217BA047C00801784 /* HS-screenshot-error@2x.png */,
				B453D00317BA047C00801784 /* HS-section-header.png */,
				B453D00417BA047C00801784 /* HS-section-header@2x.png */,
				B453D00517BA047C00801784 /* HSChatBubbleBlue.png */,
				B453D00617BA047C00801784 /* HSChatBubbleBlue@2x.png */,
				B453D00717BA047C00801784 /* HSChatBubbleWhite.png */,
				B453D00817BA047C00801784 /* HSChatBubbleWhite@2x.png */,
				B453D00917BA047C00801784 /* HSConfirmBox.png */,
				B453D00A17BA047C00801784 /* HSConfirmBox@2x.png */,
				B453D00B17BA047C00801784 /* HSTutorial.png */,
				B453D00C17BA047C00801784 /* HSTutorial@2x.png */,
				B453D00D17BA047C00801784 /* HSTutorialiPad.png */,
				B453D00E17BA047C00801784 /* HSTutorialiPad@2x.png */,
			);
			path = HSResources;
			sourceTree = "<group>";
		};
		B453D01317BA047C00801784 /* HSThemes */ = {
			isa = PBXGroup;
			children = (
				B453D01417BA047C00801784 /* HelpshiftConfig.plist */,
				B453D01517BA047C00801784 /* HelpshiftConfigDark.plist */,
			);
			path = HSThemes;
			sourceTree = "<group>";
		};
		B488062E17179AE700C3A95E = {
			isa = PBXGroup;
			children = (
				B488064017179AE700C3A95E /* Full Support */,
				B453CFF217BA047C00801784 /* helpshift-ios-sdk */,
				B488063917179AE700C3A95E /* Frameworks */,
				B488063817179AE700C3A95E /* Products */,
			);
			sourceTree = "<group>";
		};
		B488063817179AE700C3A95E /* Products */ = {
			isa = PBXGroup;
			children = (
				B488063717179AE700C3A95E /* HelpshiftSupportApp.app */,
			);
			name = Products;
			sourceTree = "<group>";
		};
		B488063917179AE700C3A95E /* Frameworks */ = {
			isa = PBXGroup;
			children = (
				B488066E17179BAB00C3A95E /* libsqlite3.0.dylib */,
				B488066C17179BA300C3A95E /* libz.dylib */,
				B488066A17179B8700C3A95E /* SystemConfiguration.framework */,
				B488066817179B7F00C3A95E /* QuartzCore.framework */,
				B488066617179B7500C3A95E /* MobileCoreServices.framework */,
				B488066417179B6C00C3A95E /* CoreTelephony.framework */,
				B488066217179B6100C3A95E /* CoreText.framework */,
				B488066017179B3B00C3A95E /* Security.framework */,
				B488063A17179AE700C3A95E /* UIKit.framework */,
				B488063C17179AE700C3A95E /* Foundation.framework */,
				B488063E17179AE700C3A95E /* CoreGraphics.framework */,
			);
			name = Frameworks;
			sourceTree = "<group>";
		};
		B488064017179AE700C3A95E /* Full Support */ = {
			isa = PBXGroup;
			children = (
				B488064917179AE700C3A95E /* HSDAppDelegate.h */,
				B488064A17179AE700C3A95E /* HSDAppDelegate.m */,
				B488065217179AE700C3A95E /* HSDViewController.h */,
				B488065317179AE700C3A95E /* HSDViewController.m */,
				B488065517179AE700C3A95E /* HSDViewController_iPhone.xib */,
				B488065817179AE700C3A95E /* HSDViewController_iPad.xib */,
				B488064117179AE700C3A95E /* Supporting Files */,
			);
			path = "Full Support";
			sourceTree = "<group>";
		};
		B488064117179AE700C3A95E /* Supporting Files */ = {
			isa = PBXGroup;
			children = (
				B48806BC171BD65100C3A95E /* Shared Resources */,
				B488064217179AE700C3A95E /* HelpshiftSupportApp-Info.plist */,
				B488064317179AE700C3A95E /* InfoPlist.strings */,
				B488064617179AE700C3A95E /* main.m */,
				B488064817179AE700C3A95E /* HelpshiftSupportApp-Prefix.pch */,
				B488064C17179AE700C3A95E /* Default.png */,
				B488064E17179AE700C3A95E /* Default@2x.png */,
				B488065017179AE700C3A95E /* Default-568h@2x.png */,
			);
			name = "Supporting Files";
			sourceTree = "<group>";
		};
		B48806BC171BD65100C3A95E /* Shared Resources */ = {
			isa = PBXGroup;
			children = (
				B48806BD171BD65100C3A95E /* avatar.png */,
				B48806BE171BD65100C3A95E /* avatar@2x.png */,
				B48806BF171BD65100C3A95E /* paper.png */,
				B48806C0171BD65100C3A95E /* paper_@2X.png */,
			);
			name = "Shared Resources";
			path = "../../Shared Resources";
			sourceTree = "<group>";
		};
/* End PBXGroup section */

/* Begin PBXNativeTarget section */
		B488063617179AE700C3A95E /* HelpshiftSupportApp */ = {
			isa = PBXNativeTarget;
			buildConfigurationList = B488065D17179AE700C3A95E /* Build configuration list for PBXNativeTarget "HelpshiftSupportApp" */;
			buildPhases = (
				B488063317179AE700C3A95E /* Sources */,
				B488063417179AE700C3A95E /* Frameworks */,
				B488063517179AE700C3A95E /* Resources */,
			);
			buildRules = (
			);
			dependencies = (
			);
			name = HelpshiftSupportApp;
			productName = "Full Support";
			productReference = B488063717179AE700C3A95E /* HelpshiftSupportApp.app */;
			productType = "com.apple.product-type.application";
		};
/* End PBXNativeTarget section */

/* Begin PBXProject section */
		B488062F17179AE700C3A95E /* Project object */ = {
			isa = PBXProject;
			attributes = {
				CLASSPREFIX = HSD;
				LastUpgradeCheck = 0460;
				ORGANIZATIONNAME = "Helpshift, Inc.,";
			};
			buildConfigurationList = B488063217179AE700C3A95E /* Build configuration list for PBXProject "HelpshiftSupportApp" */;
			compatibilityVersion = "Xcode 3.2";
			developmentRegion = English;
			hasScannedForEncodings = 0;
			knownRegions = (
				en,
				de,
				es,
				fr,
				it,
				ru,
				pt,
				"zh-Hans",
			);
			mainGroup = B488062E17179AE700C3A95E;
			productRefGroup = B488063817179AE700C3A95E /* Products */;
			projectDirPath = "";
			projectRoot = "";
			targets = (
				B488063617179AE700C3A95E /* HelpshiftSupportApp */,
			);
		};
/* End PBXProject section */

/* Begin PBXResourcesBuildPhase section */
		B488063517179AE700C3A95E /* Resources */ = {
			isa = PBXResourcesBuildPhase;
			buildActionMask = 2147483647;
			files = (
				B488064517179AE700C3A95E /* InfoPlist.strings in Resources */,
				B488064D17179AE700C3A95E /* Default.png in Resources */,
				B488064F17179AE700C3A95E /* Default@2x.png in Resources */,
				B488065117179AE700C3A95E /* Default-568h@2x.png in Resources */,
				B488065717179AE700C3A95E /* HSDViewController_iPhone.xib in Resources */,
				B488065A17179AE700C3A95E /* HSDViewController_iPad.xib in Resources */,
				B48806C1171BD65100C3A95E /* avatar.png in Resources */,
				B48806C2171BD65100C3A95E /* avatar@2x.png in Resources */,
				B48806C3171BD65100C3A95E /* paper.png in Resources */,
				B48806C4171BD65100C3A95E /* paper_@2X.png in Resources */,
				B453D01817BA047C00801784 /* HelpshiftLocalizable.strings in Resources */,
				B453D01917BA047C00801784 /* HS-background-tile.png in Resources */,
				B453D01A17BA047C00801784 /* HS-background-tile@2x.png in Resources */,
				B453D01B17BA047C00801784 /* HS-no-connection.png in Resources */,
				B453D01C17BA047C00801784 /* HS-no-connection@2x.png in Resources */,
				B453D01D17BA047C00801784 /* HS-powered-by-logo.png in Resources */,
				B453D01E17BA047C00801784 /* HS-powered-by-logo@2x.png in Resources */,
				B453D01F17BA047C00801784 /* HS-screenshot-error.png in Resources */,
				B453D02017BA047C00801784 /* HS-screenshot-error@2x.png in Resources */,
				B453D02117BA047C00801784 /* HS-section-header.png in Resources */,
				B453D02217BA047C00801784 /* HS-section-header@2x.png in Resources */,
				B453D02317BA047C00801784 /* HSChatBubbleBlue.png in Resources */,
				B453D02417BA047C00801784 /* HSChatBubbleBlue@2x.png in Resources */,
				B453D02517BA047C00801784 /* HSChatBubbleWhite.png in Resources */,
				B453D02617BA047C00801784 /* HSChatBubbleWhite@2x.png in Resources */,
				B453D02717BA047C00801784 /* HSConfirmBox.png in Resources */,
				B453D02817BA047C00801784 /* HSConfirmBox@2x.png in Resources */,
				B453D02917BA047C00801784 /* HSTutorial.png in Resources */,
				B453D02A17BA047C00801784 /* HSTutorial@2x.png in Resources */,
				B453D02B17BA047C00801784 /* HSTutorialiPad.png in Resources */,
				B453D02C17BA047C00801784 /* HSTutorialiPad@2x.png in Resources */,
				B453D02D17BA047C00801784 /* HelpshiftConfig.plist in Resources */,
				B453D02E17BA047C00801784 /* HelpshiftConfigDark.plist in Resources */,
			);
			runOnlyForDeploymentPostprocessing = 0;
		};
/* End PBXResourcesBuildPhase section */

/* Begin PBXSourcesBuildPhase section */
		B488063317179AE700C3A95E /* Sources */ = {
			isa = PBXSourcesBuildPhase;
			buildActionMask = 2147483647;
			files = (
				B488064717179AE700C3A95E /* main.m in Sources */,
				B488064B17179AE700C3A95E /* HSDAppDelegate.m in Sources */,
				B488065417179AE700C3A95E /* HSDViewController.m in Sources */,
			);
			runOnlyForDeploymentPostprocessing = 0;
		};
/* End PBXSourcesBuildPhase section */

/* Begin PBXVariantGroup section */
		B453CFF617BA047C00801784 /* HelpshiftLocalizable.strings */ = {
			isa = PBXVariantGroup;
			children = (
				B453CFF717BA047C00801784 /* de */,
				B453CFF817BA047C00801784 /* en */,
				B453CFF917BA047C00801784 /* es */,
				B453CFFA17BA047C00801784 /* fr */,
				B453D00F17BA047C00801784 /* it */,
				B453D01017BA047C00801784 /* pt */,
				B453D01117BA047C00801784 /* ru */,
				B453D01217BA047C00801784 /* zh-Hans */,
			);
			name = HelpshiftLocalizable.strings;
			sourceTree = "<group>";
		};
		B488064317179AE700C3A95E /* InfoPlist.strings */ = {
			isa = PBXVariantGroup;
			children = (
				B488064417179AE700C3A95E /* en */,
			);
			name = InfoPlist.strings;
			sourceTree = "<group>";
		};
		B488065517179AE700C3A95E /* HSDViewController_iPhone.xib */ = {
			isa = PBXVariantGroup;
			children = (
				B488065617179AE700C3A95E /* en */,
			);
			name = HSDViewController_iPhone.xib;
			sourceTree = "<group>";
		};
		B488065817179AE700C3A95E /* HSDViewController_iPad.xib */ = {
			isa = PBXVariantGroup;
			children = (
				B488065917179AE700C3A95E /* en */,
			);
			name = HSDViewController_iPad.xib;
			sourceTree = "<group>";
		};
/* End PBXVariantGroup section */

/* Begin XCBuildConfiguration section */
		B488065B17179AE700C3A95E /* Debug */ = {
			isa = XCBuildConfiguration;
			buildSettings = {
				ALWAYS_SEARCH_USER_PATHS = NO;
				CLANG_CXX_LANGUAGE_STANDARD = "gnu++0x";
				CLANG_CXX_LIBRARY = "libc++";
				CLANG_WARN_CONSTANT_CONVERSION = YES;
				CLANG_WARN_EMPTY_BODY = YES;
				CLANG_WARN_ENUM_CONVERSION = YES;
				CLANG_WARN_INT_CONVERSION = YES;
				CLANG_WARN__DUPLICATE_METHOD_MATCH = YES;
				"CODE_SIGN_IDENTITY[sdk=iphoneos*]" = "iPhone Developer";
				COPY_PHASE_STRIP = NO;
				GCC_C_LANGUAGE_STANDARD = gnu99;
				GCC_DYNAMIC_NO_PIC = NO;
				GCC_OPTIMIZATION_LEVEL = 0;
				GCC_PREPROCESSOR_DEFINITIONS = (
					"DEBUG=1",
					"$(inherited)",
				);
				GCC_SYMBOLS_PRIVATE_EXTERN = NO;
				GCC_WARN_ABOUT_RETURN_TYPE = YES;
				GCC_WARN_UNINITIALIZED_AUTOS = YES;
				GCC_WARN_UNUSED_VARIABLE = YES;
				IPHONEOS_DEPLOYMENT_TARGET = 6.1;
				ONLY_ACTIVE_ARCH = YES;
				SDKROOT = iphoneos;
				TARGETED_DEVICE_FAMILY = "1,2";
			};
			name = Debug;
		};
		B488065C17179AE700C3A95E /* Release */ = {
			isa = XCBuildConfiguration;
			buildSettings = {
				ALWAYS_SEARCH_USER_PATHS = NO;
				CLANG_CXX_LANGUAGE_STANDARD = "gnu++0x";
				CLANG_CXX_LIBRARY = "libc++";
				CLANG_WARN_CONSTANT_CONVERSION = YES;
				CLANG_WARN_EMPTY_BODY = YES;
				CLANG_WARN_ENUM_CONVERSION = YES;
				CLANG_WARN_INT_CONVERSION = YES;
				CLANG_WARN__DUPLICATE_METHOD_MATCH = YES;
				"CODE_SIGN_IDENTITY[sdk=iphoneos*]" = "iPhone Developer";
				COPY_PHASE_STRIP = YES;
				GCC_C_LANGUAGE_STANDARD = gnu99;
				GCC_WARN_ABOUT_RETURN_TYPE = YES;
				GCC_WARN_UNINITIALIZED_AUTOS = YES;
				GCC_WARN_UNUSED_VARIABLE = YES;
				IPHONEOS_DEPLOYMENT_TARGET = 6.1;
				OTHER_CFLAGS = "-DNS_BLOCK_ASSERTIONS=1";
				SDKROOT = iphoneos;
				TARGETED_DEVICE_FAMILY = "1,2";
				VALIDATE_PRODUCT = YES;
			};
			name = Release;
		};
		B488065E17179AE700C3A95E /* Debug */ = {
			isa = XCBuildConfiguration;
			buildSettings = {
				GCC_PRECOMPILE_PREFIX_HEADER = YES;
				GCC_PREFIX_HEADER = "Full Support/HelpshiftSupportApp-Prefix.pch";
				INFOPLIST_FILE = "Full Support/HelpshiftSupportApp-Info.plist";
				IPHONEOS_DEPLOYMENT_TARGET = 5.0;
				LIBRARY_SEARCH_PATHS = (
					"$(inherited)",
					"\"$(SRCROOT)/../helpshift-ios-sdk\"",
				);
				PRODUCT_NAME = HelpshiftSupportApp;
				WRAPPER_EXTENSION = app;
			};
			name = Debug;
		};
		B488065F17179AE700C3A95E /* Release */ = {
			isa = XCBuildConfiguration;
			buildSettings = {
				GCC_PRECOMPILE_PREFIX_HEADER = YES;
				GCC_PREFIX_HEADER = "Full Support/HelpshiftSupportApp-Prefix.pch";
				INFOPLIST_FILE = "Full Support/HelpshiftSupportApp-Info.plist";
				IPHONEOS_DEPLOYMENT_TARGET = 5.0;
				LIBRARY_SEARCH_PATHS = (
					"$(inherited)",
					"\"$(SRCROOT)/../helpshift-ios-sdk\"",
				);
				PRODUCT_NAME = HelpshiftSupportApp;
				WRAPPER_EXTENSION = app;
			};
			name = Release;
		};
/* End XCBuildConfiguration section */

/* Begin XCConfigurationList section */
		B488063217179AE700C3A95E /* Build configuration list for PBXProject "HelpshiftSupportApp" */ = {
			isa = XCConfigurationList;
			buildConfigurations = (
				B488065B17179AE700C3A95E /* Debug */,
				B488065C17179AE700C3A95E /* Release */,
			);
			defaultConfigurationIsVisible = 0;
			defaultConfigurationName = Release;
		};
		B488065D17179AE700C3A95E /* Build configuration list for PBXNativeTarget "HelpshiftSupportApp" */ = {
			isa = XCConfigurationList;
			buildConfigurations = (
				B488065E17179AE700C3A95E /* Debug */,
				B488065F17179AE700C3A95E /* Release */,
			);
			defaultConfigurationIsVisible = 0;
			defaultConfigurationName = Release;
		};
/* End XCConfigurationList section */
	};
	rootObject = B488062F17179AE700C3A95E /* Project object */;
}
