// !$*UTF8*$!
{
	archiveVersion = 1;
	classes = {
	};
	objectVersion = 46;
	objects = {

/* Begin PBXBuildFile section */
		B48197C21716EFDC009B5DDB /* UIKit.framework in Frameworks */ = {isa = PBXBuildFile; fileRef = B48197C11716EFDC009B5DDB /* UIKit.framework */; };
		B48197C41716EFDC009B5DDB /* Foundation.framework in Frameworks */ = {isa = PBXBuildFile; fileRef = B48197C31716EFDC009B5DDB /* Foundation.framework */; };
		B48197C61716EFDC009B5DDB /* CoreGraphics.framework in Frameworks */ = {isa = PBXBuildFile; fileRef = B48197C51716EFDC009B5DDB /* CoreGraphics.framework */; };
		B48197CC1716EFDC009B5DDB /* InfoPlist.strings in Resources */ = {isa = PBXBuildFile; fileRef = B48197CA1716EFDC009B5DDB /* InfoPlist.strings */; };
		B48197CE1716EFDC009B5DDB /* main.m in Sources */ = {isa = PBXBuildFile; fileRef = B48197CD1716EFDC009B5DDB /* main.m */; };
		B48197D21716EFDC009B5DDB /* HSDAppDelegate.m in Sources */ = {isa = PBXBuildFile; fileRef = B48197D11716EFDC009B5DDB /* HSDAppDelegate.m */; };
		B48197D41716EFDC009B5DDB /* Default.png in Resources */ = {isa = PBXBuildFile; fileRef = B48197D31716EFDC009B5DDB /* Default.png */; };
		B48197D61716EFDC009B5DDB /* Default@2x.png in Resources */ = {isa = PBXBuildFile; fileRef = B48197D51716EFDC009B5DDB /* Default@2x.png */; };
		B48197D81716EFDC009B5DDB /* Default-568h@2x.png in Resources */ = {isa = PBXBuildFile; fileRef = B48197D71716EFDC009B5DDB /* Default-568h@2x.png */; };
		B48197DB1716EFDC009B5DDB /* HSDViewController.m in Sources */ = {isa = PBXBuildFile; fileRef = B48197DA1716EFDC009B5DDB /* HSDViewController.m */; };
		B48197DE1716EFDC009B5DDB /* HSDViewController_iPhone.xib in Resources */ = {isa = PBXBuildFile; fileRef = B48197DC1716EFDC009B5DDB /* HSDViewController_iPhone.xib */; };
		B48197E11716EFDC009B5DDB /* HSDViewController_iPad.xib in Resources */ = {isa = PBXBuildFile; fileRef = B48197DF1716EFDC009B5DDB /* HSDViewController_iPad.xib */; };
		B48197F31716F155009B5DDB /* libHelpshift.a in Frameworks */ = {isa = PBXBuildFile; fileRef = B48197F21716F155009B5DDB /* libHelpshift.a */; };
		B48198101716F15F009B5DDB /* HelpshiftLocalizable.strings in Resources */ = {isa = PBXBuildFile; fileRef = B48197F51716F15F009B5DDB /* HelpshiftLocalizable.strings */; };
		B48198111716F15F009B5DDB /* HS-background-tile.png in Resources */ = {isa = PBXBuildFile; fileRef = B48197FA1716F15F009B5DDB /* HS-background-tile.png */; };
		B48198121716F15F009B5DDB /* HS-background-tile@2x.png in Resources */ = {isa = PBXBuildFile; fileRef = B48197FB1716F15F009B5DDB /* HS-background-tile@2x.png */; };
		B48198131716F15F009B5DDB /* HS-no-connection.png in Resources */ = {isa = PBXBuildFile; fileRef = B48197FC1716F15F009B5DDB /* HS-no-connection.png */; };
		B48198141716F15F009B5DDB /* HS-no-connection@2x.png in Resources */ = {isa = PBXBuildFile; fileRef = B48197FD1716F15F009B5DDB /* HS-no-connection@2x.png */; };
		B48198151716F15F009B5DDB /* HS-powered-by-logo.png in Resources */ = {isa = PBXBuildFile; fileRef = B48197FE1716F15F009B5DDB /* HS-powered-by-logo.png */; };
		B48198161716F15F009B5DDB /* HS-powered-by-logo@2x.png in Resources */ = {isa = PBXBuildFile; fileRef = B48197FF1716F15F009B5DDB /* HS-powered-by-logo@2x.png */; };
		B48198171716F15F009B5DDB /* HS-screenshot-error.png in Resources */ = {isa = PBXBuildFile; fileRef = B48198001716F15F009B5DDB /* HS-screenshot-error.png */; };
		B48198181716F15F009B5DDB /* HS-screenshot-error@2x.png in Resources */ = {isa = PBXBuildFile; fileRef = B48198011716F15F009B5DDB /* HS-screenshot-error@2x.png */; };
		B48198191716F15F009B5DDB /* HS-section-header.png in Resources */ = {isa = PBXBuildFile; fileRef = B48198021716F15F009B5DDB /* HS-section-header.png */; };
		B481981A1716F15F009B5DDB /* HS-section-header@2x.png in Resources */ = {isa = PBXBuildFile; fileRef = B48198031716F15F009B5DDB /* HS-section-header@2x.png */; };
		B481981B1716F15F009B5DDB /* HSChatBubbleBlue.png in Resources */ = {isa = PBXBuildFile; fileRef = B48198041716F15F009B5DDB /* HSChatBubbleBlue.png */; };
		B481981C1716F15F009B5DDB /* HSChatBubbleBlue@2x.png in Resources */ = {isa = PBXBuildFile; fileRef = B48198051716F15F009B5DDB /* HSChatBubbleBlue@2x.png */; };
		B481981D1716F15F009B5DDB /* HSChatBubbleWhite.png in Resources */ = {isa = PBXBuildFile; fileRef = B48198061716F15F009B5DDB /* HSChatBubbleWhite.png */; };
		B481981E1716F15F009B5DDB /* HSChatBubbleWhite@2x.png in Resources */ = {isa = PBXBuildFile; fileRef = B48198071716F15F009B5DDB /* HSChatBubbleWhite@2x.png */; };
		B481981F1716F15F009B5DDB /* HSConfirmBox.png in Resources */ = {isa = PBXBuildFile; fileRef = B48198081716F15F009B5DDB /* HSConfirmBox.png */; };
		B48198201716F15F009B5DDB /* HSConfirmBox@2x.png in Resources */ = {isa = PBXBuildFile; fileRef = B48198091716F15F009B5DDB /* HSConfirmBox@2x.png */; };
		B48198211716F15F009B5DDB /* HSTutorial.png in Resources */ = {isa = PBXBuildFile; fileRef = B481980A1716F15F009B5DDB /* HSTutorial.png */; };
		B48198221716F15F009B5DDB /* HSTutorial@2x.png in Resources */ = {isa = PBXBuildFile; fileRef = B481980B1716F15F009B5DDB /* HSTutorial@2x.png */; };
		B48198231716F15F009B5DDB /* HSTutorialiPad.png in Resources */ = {isa = PBXBuildFile; fileRef = B481980C1716F15F009B5DDB /* HSTutorialiPad.png */; };
		B48198241716F15F009B5DDB /* HSTutorialiPad@2x.png in Resources */ = {isa = PBXBuildFile; fileRef = B481980D1716F15F009B5DDB /* HSTutorialiPad@2x.png */; };
		B48198261716F171009B5DDB /* HelpshiftConfig.plist in Resources */ = {isa = PBXBuildFile; fileRef = B48198251716F171009B5DDB /* HelpshiftConfig.plist */; };
		B48198281716F189009B5DDB /* SystemConfiguration.framework in Frameworks */ = {isa = PBXBuildFile; fileRef = B48198271716F189009B5DDB /* SystemConfiguration.framework */; };
		B481982A1716F18F009B5DDB /* Security.framework in Frameworks */ = {isa = PBXBuildFile; fileRef = B48198291716F18F009B5DDB /* Security.framework */; };
		B481982C1716F195009B5DDB /* QuartzCore.framework in Frameworks */ = {isa = PBXBuildFile; fileRef = B481982B1716F195009B5DDB /* QuartzCore.framework */; };
		B481982F1716F19E009B5DDB /* CoreTelephony.framework in Frameworks */ = {isa = PBXBuildFile; fileRef = B481982D1716F19E009B5DDB /* CoreTelephony.framework */; };
		B48198301716F19E009B5DDB /* CoreText.framework in Frameworks */ = {isa = PBXBuildFile; fileRef = B481982E1716F19E009B5DDB /* CoreText.framework */; };
		B48198321716F1AF009B5DDB /* libsqlite3.0.dylib in Frameworks */ = {isa = PBXBuildFile; fileRef = B48198311716F1AF009B5DDB /* libsqlite3.0.dylib */; };
		B48198341716F1B6009B5DDB /* libz.dylib in Frameworks */ = {isa = PBXBuildFile; fileRef = B48198331716F1B6009B5DDB /* libz.dylib */; };
		B48198361716F1D0009B5DDB /* MobileCoreServices.framework in Frameworks */ = {isa = PBXBuildFile; fileRef = B48198351716F1D0009B5DDB /* MobileCoreServices.framework */; };
		B48806271717941F00C3A95E /* libUAirship-1.4.0.a in Frameworks */ = {isa = PBXBuildFile; fileRef = B48806261717941F00C3A95E /* libUAirship-1.4.0.a */; };
		B4880629171794AF00C3A95E /* CFNetwork.framework in Frameworks */ = {isa = PBXBuildFile; fileRef = B4880628171794AF00C3A95E /* CFNetwork.framework */; };
		B488062B171794CE00C3A95E /* CoreLocation.framework in Frameworks */ = {isa = PBXBuildFile; fileRef = B488062A171794CE00C3A95E /* CoreLocation.framework */; };
		B488062D1717951300C3A95E /* AirshipConfig.plist in Resources */ = {isa = PBXBuildFile; fileRef = B488062C1717951300C3A95E /* AirshipConfig.plist */; };
		B48806D3171BEF5000C3A95E /* avatar.png in Resources */ = {isa = PBXBuildFile; fileRef = B48806CF171BEF5000C3A95E /* avatar.png */; };
		B48806D4171BEF5000C3A95E /* avatar@2x.png in Resources */ = {isa = PBXBuildFile; fileRef = B48806D0171BEF5000C3A95E /* avatar@2x.png */; };
		B48806D5171BEF5000C3A95E /* paper.png in Resources */ = {isa = PBXBuildFile; fileRef = B48806D1171BEF5000C3A95E /* paper.png */; };
		B48806D6171BEF5000C3A95E /* paper_@2X.png in Resources */ = {isa = PBXBuildFile; fileRef = B48806D2171BEF5000C3A95E /* paper_@2X.png */; };
/* End PBXBuildFile section */

/* Begin PBXFileReference section */
		B48197BE1716EFDC009B5DDB /* UA Notification.app */ = {isa = PBXFileReference; explicitFileType = wrapper.application; includeInIndex = 0; path = "UA Notification.app"; sourceTree = BUILT_PRODUCTS_DIR; };
		B48197C11716EFDC009B5DDB /* UIKit.framework */ = {isa = PBXFileReference; lastKnownFileType = wrapper.framework; name = UIKit.framework; path = System/Library/Frameworks/UIKit.framework; sourceTree = SDKROOT; };
		B48197C31716EFDC009B5DDB /* Foundation.framework */ = {isa = PBXFileReference; lastKnownFileType = wrapper.framework; name = Foundation.framework; path = System/Library/Frameworks/Foundation.framework; sourceTree = SDKROOT; };
		B48197C51716EFDC009B5DDB /* CoreGraphics.framework */ = {isa = PBXFileReference; lastKnownFileType = wrapper.framework; name = CoreGraphics.framework; path = System/Library/Frameworks/CoreGraphics.framework; sourceTree = SDKROOT; };
		B48197C91716EFDC009B5DDB /* UA Notification-Info.plist */ = {isa = PBXFileReference; lastKnownFileType = text.plist.xml; path = "UA Notification-Info.plist"; sourceTree = "<group>"; };
		B48197CB1716EFDC009B5DDB /* en */ = {isa = PBXFileReference; lastKnownFileType = text.plist.strings; name = en; path = en.lproj/InfoPlist.strings; sourceTree = "<group>"; };
		B48197CD1716EFDC009B5DDB /* main.m */ = {isa = PBXFileReference; lastKnownFileType = sourcecode.c.objc; path = main.m; sourceTree = "<group>"; };
		B48197CF1716EFDC009B5DDB /* UA Notification-Prefix.pch */ = {isa = PBXFileReference; lastKnownFileType = sourcecode.c.h; path = "UA Notification-Prefix.pch"; sourceTree = "<group>"; };
		B48197D01716EFDC009B5DDB /* HSDAppDelegate.h */ = {isa = PBXFileReference; lastKnownFileType = sourcecode.c.h; path = HSDAppDelegate.h; sourceTree = "<group>"; };
		B48197D11716EFDC009B5DDB /* HSDAppDelegate.m */ = {isa = PBXFileReference; lastKnownFileType = sourcecode.c.objc; path = HSDAppDelegate.m; sourceTree = "<group>"; };
		B48197D31716EFDC009B5DDB /* Default.png */ = {isa = PBXFileReference; lastKnownFileType = image.png; path = Default.png; sourceTree = "<group>"; };
		B48197D51716EFDC009B5DDB /* Default@2x.png */ = {isa = PBXFileReference; lastKnownFileType = image.png; path = "Default@2x.png"; sourceTree = "<group>"; };
		B48197D71716EFDC009B5DDB /* Default-568h@2x.png */ = {isa = PBXFileReference; lastKnownFileType = image.png; path = "Default-568h@2x.png"; sourceTree = "<group>"; };
		B48197D91716EFDC009B5DDB /* HSDViewController.h */ = {isa = PBXFileReference; lastKnownFileType = sourcecode.c.h; path = HSDViewController.h; sourceTree = "<group>"; };
		B48197DA1716EFDC009B5DDB /* HSDViewController.m */ = {isa = PBXFileReference; lastKnownFileType = sourcecode.c.objc; path = HSDViewController.m; sourceTree = "<group>"; };
		B48197DD1716EFDC009B5DDB /* en */ = {isa = PBXFileReference; lastKnownFileType = file.xib; name = en; path = en.lproj/HSDViewController_iPhone.xib; sourceTree = "<group>"; };
		B48197E01716EFDC009B5DDB /* en */ = {isa = PBXFileReference; lastKnownFileType = file.xib; name = en; path = en.lproj/HSDViewController_iPad.xib; sourceTree = "<group>"; };
		B48197F11716F14D009B5DDB /* Helpshift.h */ = {isa = PBXFileReference; fileEncoding = 4; lastKnownFileType = sourcecode.c.h; name = Helpshift.h; path = "../HelpshiftSDK-2.1.0/Helpshift.h"; sourceTree = "<group>"; };
		B48197F21716F155009B5DDB /* libHelpshift.a */ = {isa = PBXFileReference; lastKnownFileType = archive.ar; name = libHelpshift.a; path = "../HelpshiftSDK-2.1.0/libHelpshift.a"; sourceTree = "<group>"; };
		B48197F61716F15F009B5DDB /* de */ = {isa = PBXFileReference; lastKnownFileType = text.plist.strings; name = de; path = de.lproj/HelpshiftLocalizable.strings; sourceTree = "<group>"; };
		B48197F71716F15F009B5DDB /* en */ = {isa = PBXFileReference; lastKnownFileType = text.plist.strings; name = en; path = en.lproj/HelpshiftLocalizable.strings; sourceTree = "<group>"; };
		B48197F81716F15F009B5DDB /* es */ = {isa = PBXFileReference; lastKnownFileType = text.plist.strings; name = es; path = es.lproj/HelpshiftLocalizable.strings; sourceTree = "<group>"; };
		B48197F91716F15F009B5DDB /* fr */ = {isa = PBXFileReference; lastKnownFileType = text.plist.strings; name = fr; path = fr.lproj/HelpshiftLocalizable.strings; sourceTree = "<group>"; };
		B48197FA1716F15F009B5DDB /* HS-background-tile.png */ = {isa = PBXFileReference; lastKnownFileType = image.png; path = "HS-background-tile.png"; sourceTree = "<group>"; };
		B48197FB1716F15F009B5DDB /* HS-background-tile@2x.png */ = {isa = PBXFileReference; lastKnownFileType = image.png; path = "HS-background-tile@2x.png"; sourceTree = "<group>"; };
		B48197FC1716F15F009B5DDB /* HS-no-connection.png */ = {isa = PBXFileReference; lastKnownFileType = image.png; path = "HS-no-connection.png"; sourceTree = "<group>"; };
		B48197FD1716F15F009B5DDB /* HS-no-connection@2x.png */ = {isa = PBXFileReference; lastKnownFileType = image.png; path = "HS-no-connection@2x.png"; sourceTree = "<group>"; };
		B48197FE1716F15F009B5DDB /* HS-powered-by-logo.png */ = {isa = PBXFileReference; lastKnownFileType = image.png; path = "HS-powered-by-logo.png"; sourceTree = "<group>"; };
		B48197FF1716F15F009B5DDB /* HS-powered-by-logo@2x.png */ = {isa = PBXFileReference; lastKnownFileType = image.png; path = "HS-powered-by-logo@2x.png"; sourceTree = "<group>"; };
		B48198001716F15F009B5DDB /* HS-screenshot-error.png */ = {isa = PBXFileReference; lastKnownFileType = image.png; path = "HS-screenshot-error.png"; sourceTree = "<group>"; };
		B48198011716F15F009B5DDB /* HS-screenshot-error@2x.png */ = {isa = PBXFileReference; lastKnownFileType = image.png; path = "HS-screenshot-error@2x.png"; sourceTree = "<group>"; };
		B48198021716F15F009B5DDB /* HS-section-header.png */ = {isa = PBXFileReference; lastKnownFileType = image.png; path = "HS-section-header.png"; sourceTree = "<group>"; };
		B48198031716F15F009B5DDB /* HS-section-header@2x.png */ = {isa = PBXFileReference; lastKnownFileType = image.png; path = "HS-section-header@2x.png"; sourceTree = "<group>"; };
		B48198041716F15F009B5DDB /* HSChatBubbleBlue.png */ = {isa = PBXFileReference; lastKnownFileType = image.png; path = HSChatBubbleBlue.png; sourceTree = "<group>"; };
		B48198051716F15F009B5DDB /* HSChatBubbleBlue@2x.png */ = {isa = PBXFileReference; lastKnownFileType = image.png; path = "HSChatBubbleBlue@2x.png"; sourceTree = "<group>"; };
		B48198061716F15F009B5DDB /* HSChatBubbleWhite.png */ = {isa = PBXFileReference; lastKnownFileType = image.png; path = HSChatBubbleWhite.png; sourceTree = "<group>"; };
		B48198071716F15F009B5DDB /* HSChatBubbleWhite@2x.png */ = {isa = PBXFileReference; lastKnownFileType = image.png; path = "HSChatBubbleWhite@2x.png"; sourceTree = "<group>"; };
		B48198081716F15F009B5DDB /* HSConfirmBox.png */ = {isa = PBXFileReference; lastKnownFileType = image.png; path = HSConfirmBox.png; sourceTree = "<group>"; };
		B48198091716F15F009B5DDB /* HSConfirmBox@2x.png */ = {isa = PBXFileReference; lastKnownFileType = image.png; path = "HSConfirmBox@2x.png"; sourceTree = "<group>"; };
		B481980A1716F15F009B5DDB /* HSTutorial.png */ = {isa = PBXFileReference; lastKnownFileType = image.png; path = HSTutorial.png; sourceTree = "<group>"; };
		B481980B1716F15F009B5DDB /* HSTutorial@2x.png */ = {isa = PBXFileReference; lastKnownFileType = image.png; path = "HSTutorial@2x.png"; sourceTree = "<group>"; };
		B481980C1716F15F009B5DDB /* HSTutorialiPad.png */ = {isa = PBXFileReference; lastKnownFileType = image.png; path = HSTutorialiPad.png; sourceTree = "<group>"; };
		B481980D1716F15F009B5DDB /* HSTutorialiPad@2x.png */ = {isa = PBXFileReference; lastKnownFileType = image.png; path = "HSTutorialiPad@2x.png"; sourceTree = "<group>"; };
		B481980E1716F15F009B5DDB /* it */ = {isa = PBXFileReference; lastKnownFileType = text.plist.strings; name = it; path = it.lproj/HelpshiftLocalizable.strings; sourceTree = "<group>"; };
		B481980F1716F15F009B5DDB /* ru */ = {isa = PBXFileReference; lastKnownFileType = text.plist.strings; name = ru; path = ru.lproj/HelpshiftLocalizable.strings; sourceTree = "<group>"; };
		B48198251716F171009B5DDB /* HelpshiftConfig.plist */ = {isa = PBXFileReference; fileEncoding = 4; lastKnownFileType = text.plist.xml; name = HelpshiftConfig.plist; path = "../HelpshiftSDK-2.1.0/HSThemes/HelpshiftConfig.plist"; sourceTree = "<group>"; };
		B48198271716F189009B5DDB /* SystemConfiguration.framework */ = {isa = PBXFileReference; lastKnownFileType = wrapper.framework; name = SystemConfiguration.framework; path = System/Library/Frameworks/SystemConfiguration.framework; sourceTree = SDKROOT; };
		B48198291716F18F009B5DDB /* Security.framework */ = {isa = PBXFileReference; lastKnownFileType = wrapper.framework; name = Security.framework; path = System/Library/Frameworks/Security.framework; sourceTree = SDKROOT; };
		B481982B1716F195009B5DDB /* QuartzCore.framework */ = {isa = PBXFileReference; lastKnownFileType = wrapper.framework; name = QuartzCore.framework; path = System/Library/Frameworks/QuartzCore.framework; sourceTree = SDKROOT; };
		B481982D1716F19E009B5DDB /* CoreTelephony.framework */ = {isa = PBXFileReference; lastKnownFileType = wrapper.framework; name = CoreTelephony.framework; path = System/Library/Frameworks/CoreTelephony.framework; sourceTree = SDKROOT; };
		B481982E1716F19E009B5DDB /* CoreText.framework */ = {isa = PBXFileReference; lastKnownFileType = wrapper.framework; name = CoreText.framework; path = System/Library/Frameworks/CoreText.framework; sourceTree = SDKROOT; };
		B48198311716F1AF009B5DDB /* libsqlite3.0.dylib */ = {isa = PBXFileReference; lastKnownFileType = "compiled.mach-o.dylib"; name = libsqlite3.0.dylib; path = usr/lib/libsqlite3.0.dylib; sourceTree = SDKROOT; };
		B48198331716F1B6009B5DDB /* libz.dylib */ = {isa = PBXFileReference; lastKnownFileType = "compiled.mach-o.dylib"; name = libz.dylib; path = usr/lib/libz.dylib; sourceTree = SDKROOT; };
		B48198351716F1D0009B5DDB /* MobileCoreServices.framework */ = {isa = PBXFileReference; lastKnownFileType = wrapper.framework; name = MobileCoreServices.framework; path = System/Library/Frameworks/MobileCoreServices.framework; sourceTree = SDKROOT; };
		B48806261717941F00C3A95E /* libUAirship-1.4.0.a */ = {isa = PBXFileReference; lastKnownFileType = archive.ar; name = "libUAirship-1.4.0.a"; path = "Airship/libUAirship-1.4.0.a"; sourceTree = "<group>"; };
		B4880628171794AF00C3A95E /* CFNetwork.framework */ = {isa = PBXFileReference; lastKnownFileType = wrapper.framework; name = CFNetwork.framework; path = System/Library/Frameworks/CFNetwork.framework; sourceTree = SDKROOT; };
		B488062A171794CE00C3A95E /* CoreLocation.framework */ = {isa = PBXFileReference; lastKnownFileType = wrapper.framework; name = CoreLocation.framework; path = System/Library/Frameworks/CoreLocation.framework; sourceTree = SDKROOT; };
		B488062C1717951300C3A95E /* AirshipConfig.plist */ = {isa = PBXFileReference; fileEncoding = 4; lastKnownFileType = text.plist.xml; name = AirshipConfig.plist; path = "UA Notification/AirshipConfig.plist"; sourceTree = "<group>"; };
		B48806CF171BEF5000C3A95E /* avatar.png */ = {isa = PBXFileReference; lastKnownFileType = image.png; path = avatar.png; sourceTree = "<group>"; };
		B48806D0171BEF5000C3A95E /* avatar@2x.png */ = {isa = PBXFileReference; lastKnownFileType = image.png; path = "avatar@2x.png"; sourceTree = "<group>"; };
		B48806D1171BEF5000C3A95E /* paper.png */ = {isa = PBXFileReference; lastKnownFileType = image.png; path = paper.png; sourceTree = "<group>"; };
		B48806D2171BEF5000C3A95E /* paper_@2X.png */ = {isa = PBXFileReference; lastKnownFileType = image.png; path = "paper_@2X.png"; sourceTree = "<group>"; };
/* End PBXFileReference section */

/* Begin PBXFrameworksBuildPhase section */
		B48197BB1716EFDC009B5DDB /* Frameworks */ = {
			isa = PBXFrameworksBuildPhase;
			buildActionMask = 2147483647;
			files = (
				B488062B171794CE00C3A95E /* CoreLocation.framework in Frameworks */,
				B4880629171794AF00C3A95E /* CFNetwork.framework in Frameworks */,
				B48198361716F1D0009B5DDB /* MobileCoreServices.framework in Frameworks */,
				B48198341716F1B6009B5DDB /* libz.dylib in Frameworks */,
				B48198321716F1AF009B5DDB /* libsqlite3.0.dylib in Frameworks */,
				B481982F1716F19E009B5DDB /* CoreTelephony.framework in Frameworks */,
				B48198301716F19E009B5DDB /* CoreText.framework in Frameworks */,
				B481982C1716F195009B5DDB /* QuartzCore.framework in Frameworks */,
				B481982A1716F18F009B5DDB /* Security.framework in Frameworks */,
				B48198281716F189009B5DDB /* SystemConfiguration.framework in Frameworks */,
				B48197C21716EFDC009B5DDB /* UIKit.framework in Frameworks */,
				B48197C41716EFDC009B5DDB /* Foundation.framework in Frameworks */,
				B48197C61716EFDC009B5DDB /* CoreGraphics.framework in Frameworks */,
				B48197F31716F155009B5DDB /* libHelpshift.a in Frameworks */,
				B48806271717941F00C3A95E /* libUAirship-1.4.0.a in Frameworks */,
			);
			runOnlyForDeploymentPostprocessing = 0;
		};
/* End PBXFrameworksBuildPhase section */

/* Begin PBXGroup section */
		B48197B51716EFDC009B5DDB = {
			isa = PBXGroup;
			children = (
				B48197C71716EFDC009B5DDB /* UA Notification */,
				B4880625171793F100C3A95E /* UrbanAirshipSDK */,
				B48197F01716F124009B5DDB /* HelpshiftSDK */,
				B48197C01716EFDC009B5DDB /* Frameworks */,
				B48197BF1716EFDC009B5DDB /* Products */,
			);
			sourceTree = "<group>";
		};
		B48197BF1716EFDC009B5DDB /* Products */ = {
			isa = PBXGroup;
			children = (
				B48197BE1716EFDC009B5DDB /* UA Notification.app */,
			);
			name = Products;
			sourceTree = "<group>";
		};
		B48197C01716EFDC009B5DDB /* Frameworks */ = {
			isa = PBXGroup;
			children = (
				B488062A171794CE00C3A95E /* CoreLocation.framework */,
				B4880628171794AF00C3A95E /* CFNetwork.framework */,
				B48198351716F1D0009B5DDB /* MobileCoreServices.framework */,
				B481982D1716F19E009B5DDB /* CoreTelephony.framework */,
				B481982E1716F19E009B5DDB /* CoreText.framework */,
				B481982B1716F195009B5DDB /* QuartzCore.framework */,
				B48198291716F18F009B5DDB /* Security.framework */,
				B48198271716F189009B5DDB /* SystemConfiguration.framework */,
				B48197C11716EFDC009B5DDB /* UIKit.framework */,
				B48197C31716EFDC009B5DDB /* Foundation.framework */,
				B48197C51716EFDC009B5DDB /* CoreGraphics.framework */,
				B48198331716F1B6009B5DDB /* libz.dylib */,
				B48198311716F1AF009B5DDB /* libsqlite3.0.dylib */,
			);
			name = Frameworks;
			sourceTree = "<group>";
		};
		B48197C71716EFDC009B5DDB /* UA Notification */ = {
			isa = PBXGroup;
			children = (
				B48197D01716EFDC009B5DDB /* HSDAppDelegate.h */,
				B48197D11716EFDC009B5DDB /* HSDAppDelegate.m */,
				B48197D91716EFDC009B5DDB /* HSDViewController.h */,
				B48197DA1716EFDC009B5DDB /* HSDViewController.m */,
				B48197DC1716EFDC009B5DDB /* HSDViewController_iPhone.xib */,
				B48197DF1716EFDC009B5DDB /* HSDViewController_iPad.xib */,
				B48197C81716EFDC009B5DDB /* Supporting Files */,
			);
			path = "UA Notification";
			sourceTree = "<group>";
		};
		B48197C81716EFDC009B5DDB /* Supporting Files */ = {
			isa = PBXGroup;
			children = (
				B48806CE171BEF5000C3A95E /* Shared Resources */,
				B48197C91716EFDC009B5DDB /* UA Notification-Info.plist */,
				B48197CA1716EFDC009B5DDB /* InfoPlist.strings */,
				B48197CD1716EFDC009B5DDB /* main.m */,
				B48197CF1716EFDC009B5DDB /* UA Notification-Prefix.pch */,
				B48197D31716EFDC009B5DDB /* Default.png */,
				B48197D51716EFDC009B5DDB /* Default@2x.png */,
				B48197D71716EFDC009B5DDB /* Default-568h@2x.png */,
			);
			name = "Supporting Files";
			sourceTree = "<group>";
		};
		B48197F01716F124009B5DDB /* HelpshiftSDK */ = {
			isa = PBXGroup;
			children = (
				B48197F11716F14D009B5DDB /* Helpshift.h */,
				B48197F21716F155009B5DDB /* libHelpshift.a */,
				B48198251716F171009B5DDB /* HelpshiftConfig.plist */,
				B48197F41716F15F009B5DDB /* HSResources */,
			);
			name = HelpshiftSDK;
			sourceTree = "<group>";
		};
		B48197F41716F15F009B5DDB /* HSResources */ = {
			isa = PBXGroup;
			children = (
				B48197F51716F15F009B5DDB /* HelpshiftLocalizable.strings */,
				B48197FA1716F15F009B5DDB /* HS-background-tile.png */,
				B48197FB1716F15F009B5DDB /* HS-background-tile@2x.png */,
				B48197FC1716F15F009B5DDB /* HS-no-connection.png */,
				B48197FD1716F15F009B5DDB /* HS-no-connection@2x.png */,
				B48197FE1716F15F009B5DDB /* HS-powered-by-logo.png */,
				B48197FF1716F15F009B5DDB /* HS-powered-by-logo@2x.png */,
				B48198001716F15F009B5DDB /* HS-screenshot-error.png */,
				B48198011716F15F009B5DDB /* HS-screenshot-error@2x.png */,
				B48198021716F15F009B5DDB /* HS-section-header.png */,
				B48198031716F15F009B5DDB /* HS-section-header@2x.png */,
				B48198041716F15F009B5DDB /* HSChatBubbleBlue.png */,
				B48198051716F15F009B5DDB /* HSChatBubbleBlue@2x.png */,
				B48198061716F15F009B5DDB /* HSChatBubbleWhite.png */,
				B48198071716F15F009B5DDB /* HSChatBubbleWhite@2x.png */,
				B48198081716F15F009B5DDB /* HSConfirmBox.png */,
				B48198091716F15F009B5DDB /* HSConfirmBox@2x.png */,
				B481980A1716F15F009B5DDB /* HSTutorial.png */,
				B481980B1716F15F009B5DDB /* HSTutorial@2x.png */,
				B481980C1716F15F009B5DDB /* HSTutorialiPad.png */,
				B481980D1716F15F009B5DDB /* HSTutorialiPad@2x.png */,
			);
			name = HSResources;
			path = "../HelpshiftSDK-2.1.0/HSResources";
			sourceTree = "<group>";
		};
		B4880625171793F100C3A95E /* UrbanAirshipSDK */ = {
			isa = PBXGroup;
			children = (
				B48806261717941F00C3A95E /* libUAirship-1.4.0.a */,
				B488062C1717951300C3A95E /* AirshipConfig.plist */,
			);
			name = UrbanAirshipSDK;
			sourceTree = "<group>";
		};
		B48806CE171BEF5000C3A95E /* Shared Resources */ = {
			isa = PBXGroup;
			children = (
				B48806CF171BEF5000C3A95E /* avatar.png */,
				B48806D0171BEF5000C3A95E /* avatar@2x.png */,
				B48806D1171BEF5000C3A95E /* paper.png */,
				B48806D2171BEF5000C3A95E /* paper_@2X.png */,
			);
			name = "Shared Resources";
			path = "../../Shared Resources";
			sourceTree = "<group>";
		};
/* End PBXGroup section */

/* Begin PBXNativeTarget section */
		B48197BD1716EFDC009B5DDB /* UA Notification */ = {
			isa = PBXNativeTarget;
			buildConfigurationList = B48197E41716EFDC009B5DDB /* Build configuration list for PBXNativeTarget "UA Notification" */;
			buildPhases = (
				B48197BA1716EFDC009B5DDB /* Sources */,
				B48197BB1716EFDC009B5DDB /* Frameworks */,
				B48197BC1716EFDC009B5DDB /* Resources */,
			);
			buildRules = (
			);
			dependencies = (
			);
			name = "UA Notification";
			productName = "UA Notification";
			productReference = B48197BE1716EFDC009B5DDB /* UA Notification.app */;
			productType = "com.apple.product-type.application";
		};
/* End PBXNativeTarget section */

/* Begin PBXProject section */
		B48197B61716EFDC009B5DDB /* Project object */ = {
			isa = PBXProject;
			attributes = {
				CLASSPREFIX = HSD;
				LastUpgradeCheck = 0460;
				ORGANIZATIONNAME = "Helpshift, Inc.,";
			};
			buildConfigurationList = B48197B91716EFDC009B5DDB /* Build configuration list for PBXProject "UA Notification" */;
			compatibilityVersion = "Xcode 3.2";
			developmentRegion = English;
			hasScannedForEncodings = 0;
			knownRegions = (
				en,
				de,
				es,
				fr,
				it,
				ru,
			);
			mainGroup = B48197B51716EFDC009B5DDB;
			productRefGroup = B48197BF1716EFDC009B5DDB /* Products */;
			projectDirPath = "";
			projectRoot = "";
			targets = (
				B48197BD1716EFDC009B5DDB /* UA Notification */,
			);
		};
/* End PBXProject section */

/* Begin PBXResourcesBuildPhase section */
		B48197BC1716EFDC009B5DDB /* Resources */ = {
			isa = PBXResourcesBuildPhase;
			buildActionMask = 2147483647;
			files = (
				B48197CC1716EFDC009B5DDB /* InfoPlist.strings in Resources */,
				B48197D41716EFDC009B5DDB /* Default.png in Resources */,
				B48197D61716EFDC009B5DDB /* Default@2x.png in Resources */,
				B48197D81716EFDC009B5DDB /* Default-568h@2x.png in Resources */,
				B48197DE1716EFDC009B5DDB /* HSDViewController_iPhone.xib in Resources */,
				B48197E11716EFDC009B5DDB /* HSDViewController_iPad.xib in Resources */,
				B48198101716F15F009B5DDB /* HelpshiftLocalizable.strings in Resources */,
				B48198111716F15F009B5DDB /* HS-background-tile.png in Resources */,
				B48198121716F15F009B5DDB /* HS-background-tile@2x.png in Resources */,
				B48198131716F15F009B5DDB /* HS-no-connection.png in Resources */,
				B48198141716F15F009B5DDB /* HS-no-connection@2x.png in Resources */,
				B48198151716F15F009B5DDB /* HS-powered-by-logo.png in Resources */,
				B48198161716F15F009B5DDB /* HS-powered-by-logo@2x.png in Resources */,
				B48198171716F15F009B5DDB /* HS-screenshot-error.png in Resources */,
				B48198181716F15F009B5DDB /* HS-screenshot-error@2x.png in Resources */,
				B48198191716F15F009B5DDB /* HS-section-header.png in Resources */,
				B481981A1716F15F009B5DDB /* HS-section-header@2x.png in Resources */,
				B481981B1716F15F009B5DDB /* HSChatBubbleBlue.png in Resources */,
				B481981C1716F15F009B5DDB /* HSChatBubbleBlue@2x.png in Resources */,
				B481981D1716F15F009B5DDB /* HSChatBubbleWhite.png in Resources */,
				B481981E1716F15F009B5DDB /* HSChatBubbleWhite@2x.png in Resources */,
				B481981F1716F15F009B5DDB /* HSConfirmBox.png in Resources */,
				B48198201716F15F009B5DDB /* HSConfirmBox@2x.png in Resources */,
				B48198211716F15F009B5DDB /* HSTutorial.png in Resources */,
				B48198221716F15F009B5DDB /* HSTutorial@2x.png in Resources */,
				B48198231716F15F009B5DDB /* HSTutorialiPad.png in Resources */,
				B48198241716F15F009B5DDB /* HSTutorialiPad@2x.png in Resources */,
				B48198261716F171009B5DDB /* HelpshiftConfig.plist in Resources */,
				B488062D1717951300C3A95E /* AirshipConfig.plist in Resources */,
				B48806D3171BEF5000C3A95E /* avatar.png in Resources */,
				B48806D4171BEF5000C3A95E /* avatar@2x.png in Resources */,
				B48806D5171BEF5000C3A95E /* paper.png in Resources */,
				B48806D6171BEF5000C3A95E /* paper_@2X.png in Resources */,
			);
			runOnlyForDeploymentPostprocessing = 0;
		};
/* End PBXResourcesBuildPhase section */

/* Begin PBXSourcesBuildPhase section */
		B48197BA1716EFDC009B5DDB /* Sources */ = {
			isa = PBXSourcesBuildPhase;
			buildActionMask = 2147483647;
			files = (
				B48197CE1716EFDC009B5DDB /* main.m in Sources */,
				B48197D21716EFDC009B5DDB /* HSDAppDelegate.m in Sources */,
				B48197DB1716EFDC009B5DDB /* HSDViewController.m in Sources */,
			);
			runOnlyForDeploymentPostprocessing = 0;
		};
/* End PBXSourcesBuildPhase section */

/* Begin PBXVariantGroup section */
		B48197CA1716EFDC009B5DDB /* InfoPlist.strings */ = {
			isa = PBXVariantGroup;
			children = (
				B48197CB1716EFDC009B5DDB /* en */,
			);
			name = InfoPlist.strings;
			sourceTree = "<group>";
		};
		B48197DC1716EFDC009B5DDB /* HSDViewController_iPhone.xib */ = {
			isa = PBXVariantGroup;
			children = (
				B48197DD1716EFDC009B5DDB /* en */,
			);
			name = HSDViewController_iPhone.xib;
			sourceTree = "<group>";
		};
		B48197DF1716EFDC009B5DDB /* HSDViewController_iPad.xib */ = {
			isa = PBXVariantGroup;
			children = (
				B48197E01716EFDC009B5DDB /* en */,
			);
			name = HSDViewController_iPad.xib;
			sourceTree = "<group>";
		};
		B48197F51716F15F009B5DDB /* HelpshiftLocalizable.strings */ = {
			isa = PBXVariantGroup;
			children = (
				B48197F61716F15F009B5DDB /* de */,
				B48197F71716F15F009B5DDB /* en */,
				B48197F81716F15F009B5DDB /* es */,
				B48197F91716F15F009B5DDB /* fr */,
				B481980E1716F15F009B5DDB /* it */,
				B481980F1716F15F009B5DDB /* ru */,
			);
			name = HelpshiftLocalizable.strings;
			sourceTree = "<group>";
		};
/* End PBXVariantGroup section */

/* Begin XCBuildConfiguration section */
		B48197E21716EFDC009B5DDB /* Debug */ = {
			isa = XCBuildConfiguration;
			buildSettings = {
				ALWAYS_SEARCH_USER_PATHS = NO;
				CLANG_CXX_LANGUAGE_STANDARD = "gnu++0x";
				CLANG_CXX_LIBRARY = "libc++";
				CLANG_WARN_CONSTANT_CONVERSION = YES;
				CLANG_WARN_EMPTY_BODY = YES;
				CLANG_WARN_ENUM_CONVERSION = YES;
				CLANG_WARN_INT_CONVERSION = YES;
				CLANG_WARN__DUPLICATE_METHOD_MATCH = YES;
				"CODE_SIGN_IDENTITY[sdk=iphoneos*]" = "iPhone Developer";
				COPY_PHASE_STRIP = NO;
				GCC_C_LANGUAGE_STANDARD = gnu99;
				GCC_DYNAMIC_NO_PIC = NO;
				GCC_OPTIMIZATION_LEVEL = 0;
				GCC_PREPROCESSOR_DEFINITIONS = (
					"DEBUG=1",
					"$(inherited)",
				);
				GCC_SYMBOLS_PRIVATE_EXTERN = NO;
				GCC_WARN_ABOUT_RETURN_TYPE = YES;
				GCC_WARN_UNINITIALIZED_AUTOS = YES;
				GCC_WARN_UNUSED_VARIABLE = YES;
				IPHONEOS_DEPLOYMENT_TARGET = 6.1;
				ONLY_ACTIVE_ARCH = YES;
				SDKROOT = iphoneos;
				TARGETED_DEVICE_FAMILY = "1,2";
			};
			name = Debug;
		};
		B48197E31716EFDC009B5DDB /* Release */ = {
			isa = XCBuildConfiguration;
			buildSettings = {
				ALWAYS_SEARCH_USER_PATHS = NO;
				CLANG_CXX_LANGUAGE_STANDARD = "gnu++0x";
				CLANG_CXX_LIBRARY = "libc++";
				CLANG_WARN_CONSTANT_CONVERSION = YES;
				CLANG_WARN_EMPTY_BODY = YES;
				CLANG_WARN_ENUM_CONVERSION = YES;
				CLANG_WARN_INT_CONVERSION = YES;
				CLANG_WARN__DUPLICATE_METHOD_MATCH = YES;
				"CODE_SIGN_IDENTITY[sdk=iphoneos*]" = "iPhone Developer";
				COPY_PHASE_STRIP = YES;
				GCC_C_LANGUAGE_STANDARD = gnu99;
				GCC_WARN_ABOUT_RETURN_TYPE = YES;
				GCC_WARN_UNINITIALIZED_AUTOS = YES;
				GCC_WARN_UNUSED_VARIABLE = YES;
				IPHONEOS_DEPLOYMENT_TARGET = 6.1;
				OTHER_CFLAGS = "-DNS_BLOCK_ASSERTIONS=1";
				SDKROOT = iphoneos;
				TARGETED_DEVICE_FAMILY = "1,2";
				VALIDATE_PRODUCT = YES;
			};
			name = Release;
		};
		B48197E51716EFDC009B5DDB /* Debug */ = {
			isa = XCBuildConfiguration;
			buildSettings = {
				CODE_SIGN_IDENTITY = "";
				"CODE_SIGN_IDENTITY[sdk=iphoneos*]" = "";
				GCC_PRECOMPILE_PREFIX_HEADER = YES;
				GCC_PREFIX_HEADER = "UA Notification/UA Notification-Prefix.pch";
				HEADER_SEARCH_PATHS = "\"$(SRCROOT)/Airship\"/**";
				INFOPLIST_FILE = "UA Notification/UA Notification-Info.plist";
				IPHONEOS_DEPLOYMENT_TARGET = 5.0;
				LIBRARY_SEARCH_PATHS = (
					"$(inherited)",
					"\"$(SRCROOT)/../HelpshiftSDK-2.1.0\"",
					"\"$(SRCROOT)/Airship\"",
				);
				PRODUCT_NAME = "$(TARGET_NAME)";
				WRAPPER_EXTENSION = app;
			};
			name = Debug;
		};
		B48197E61716EFDC009B5DDB /* Release */ = {
			isa = XCBuildConfiguration;
			buildSettings = {
				CODE_SIGN_IDENTITY = "";
				"CODE_SIGN_IDENTITY[sdk=iphoneos*]" = "";
				GCC_PRECOMPILE_PREFIX_HEADER = YES;
				GCC_PREFIX_HEADER = "UA Notification/UA Notification-Prefix.pch";
				HEADER_SEARCH_PATHS = "\"$(SRCROOT)/Airship\"/**";
				INFOPLIST_FILE = "UA Notification/UA Notification-Info.plist";
				IPHONEOS_DEPLOYMENT_TARGET = 5.0;
				LIBRARY_SEARCH_PATHS = (
					"$(inherited)",
					"\"$(SRCROOT)/../HelpshiftSDK-2.1.0\"",
					"\"$(SRCROOT)/Airship\"",
				);
				PRODUCT_NAME = "$(TARGET_NAME)";
				WRAPPER_EXTENSION = app;
			};
			name = Release;
		};
/* End XCBuildConfiguration section */

/* Begin XCConfigurationList section */
		B48197B91716EFDC009B5DDB /* Build configuration list for PBXProject "UA Notification" */ = {
			isa = XCConfigurationList;
			buildConfigurations = (
				B48197E21716EFDC009B5DDB /* Debug */,
				B48197E31716EFDC009B5DDB /* Release */,
			);
			defaultConfigurationIsVisible = 0;
			defaultConfigurationName = Release;
		};
		B48197E41716EFDC009B5DDB /* Build configuration list for PBXNativeTarget "UA Notification" */ = {
			isa = XCConfigurationList;
			buildConfigurations = (
				B48197E51716EFDC009B5DDB /* Debug */,
				B48197E61716EFDC009B5DDB /* Release */,
			);
			defaultConfigurationIsVisible = 0;
			defaultConfigurationName = Release;
		};
/* End XCConfigurationList section */
	};
	rootObject = B48197B61716EFDC009B5DDB /* Project object */;
}
